
Microsoft Visual Studio Solution File, Format Version 12.00
# Visual Studio 14
VisualStudioVersion = 14.0.25420.1
MinimumVisualStudioVersion = 10.0.40219.1
Project("{FAE04EC0-301F-11D3-BF4B-00C04F79EFBC}") = "ElementOfNature", "ElementOfNature\ElementOfNature.csproj", "{BC6DD186-BF66-4C60-98B9-8382EA8EE261}"
EndProject
Project("{FAE04EC0-301F-11D3-BF4B-00C04F79EFBC}") = "ElementOfNature.Tests", "ElementOfNature.Tests\ElementOfNature.Tests.csproj", "{A3017AD0-CA3A-4655-A029-A8235E6F75A7}"
EndProject
Global
	GlobalSection(SolutionConfigurationPlatforms) = preSolution
		Debug|Any CPU = Debug|Any CPU
		Release|Any CPU = Release|Any CPU
	EndGlobalSection
	GlobalSection(ProjectConfigurationPlatforms) = postSolution
		{BC6DD186-BF66-4C60-98B9-8382EA8EE261}.Debug|Any CPU.ActiveCfg = Debug|Any CPU
		{BC6DD186-BF66-4C60-98B9-8382EA8EE261}.Debug|Any CPU.Build.0 = Debug|Any CPU
		{BC6DD186-BF66-4C60-98B9-8382EA8EE261}.Release|Any CPU.ActiveCfg = Release|Any CPU
		{BC6DD186-BF66-4C60-98B9-8382EA8EE261}.Release|Any CPU.Build.0 = Release|Any CPU
		{A3017AD0-CA3A-4655-A029-A8235E6F75A7}.Debug|Any CPU.ActiveCfg = Debug|Any CPU
		{A3017AD0-CA3A-4655-A029-A8235E6F75A7}.Debug|Any CPU.Build.0 = Debug|Any CPU
		{A3017AD0-CA3A-4655-A029-A8235E6F75A7}.Release|Any CPU.ActiveCfg = Release|Any CPU
		{A3017AD0-CA3A-4655-A029-A8235E6F75A7}.Release|Any CPU.Build.0 = Release|Any CPU
	EndGlobalSection
	GlobalSection(SolutionProperties) = preSolution
		HideSolutionNode = FALSE
	EndGlobalSection
EndGlobal
